// !$*UTF8*$!
{
	archiveVersion = 1;
	classes = {
	};
	objectVersion = 46;
	objects = {

/* Begin PBXBuildFile section */
		07320C011BFC019600A67C81 /* CategorySelection.swift in Sources */ = {isa = PBXBuildFile; fileRef = 07320C001BFC019600A67C81 /* CategorySelection.swift */; };
		073407F71C00A82600AF2936 /* college_buddy_0003_background_img.png in Resources */ = {isa = PBXBuildFile; fileRef = 073407F61C00A82600AF2936 /* college_buddy_0003_background_img.png */; };
		073408011C00AE9300AF2936 /* divider.png in Resources */ = {isa = PBXBuildFile; fileRef = 073407F91C00AE9300AF2936 /* divider.png */; };
		073408021C00AE9300AF2936 /* fb_login.png in Resources */ = {isa = PBXBuildFile; fileRef = 073407FA1C00AE9300AF2936 /* fb_login.png */; };
		073408031C00AE9300AF2936 /* forgot.png in Resources */ = {isa = PBXBuildFile; fileRef = 073407FB1C00AE9300AF2936 /* forgot.png */; };
		073408041C00AE9300AF2936 /* Logo.png in Resources */ = {isa = PBXBuildFile; fileRef = 073407FC1C00AE9300AF2936 /* Logo.png */; };
		073408051C00AE9300AF2936 /* no_account.png in Resources */ = {isa = PBXBuildFile; fileRef = 073407FD1C00AE9300AF2936 /* no_account.png */; };
		073408061C00AE9300AF2936 /* Sign_in.png in Resources */ = {isa = PBXBuildFile; fileRef = 073407FE1C00AE9300AF2936 /* Sign_in.png */; };
		073408071C00AE9300AF2936 /* sign_up.png in Resources */ = {isa = PBXBuildFile; fileRef = 073407FF1C00AE9300AF2936 /* sign_up.png */; };
		073408081C00AE9300AF2936 /* twitter_login.png in Resources */ = {isa = PBXBuildFile; fileRef = 073408001C00AE9300AF2936 /* twitter_login.png */; };
		0734080A1C00B22B00AF2936 /* Home_BG.png in Resources */ = {isa = PBXBuildFile; fileRef = 073408091C00B22B00AF2936 /* Home_BG.png */; };
		0734080C1C00BD7500AF2936 /* launch_screen.png in Resources */ = {isa = PBXBuildFile; fileRef = 0734080B1C00BD7500AF2936 /* launch_screen.png */; };
		073408101C00D8D000AF2936 /* sidebar_bg.png in Resources */ = {isa = PBXBuildFile; fileRef = 0734080E1C00D8D000AF2936 /* sidebar_bg.png */; };
		073408171C00FE4500AF2936 /* sidebar_divider.png in Resources */ = {isa = PBXBuildFile; fileRef = 073408161C00FE4500AF2936 /* sidebar_divider.png */; };
		0734081B1C01046500AF2936 /* sidebar_select.png in Resources */ = {isa = PBXBuildFile; fileRef = 0734081A1C01046500AF2936 /* sidebar_select.png */; };
		073408241C01967300AF2936 /* feed_bg2.png in Resources */ = {isa = PBXBuildFile; fileRef = 073408231C01967300AF2936 /* feed_bg2.png */; };
		0734082B1C0197E600AF2936 /* books_btn.png in Resources */ = {isa = PBXBuildFile; fileRef = 073408251C0197E600AF2936 /* books_btn.png */; };
		0734082C1C0197E600AF2936 /* events_btn.png in Resources */ = {isa = PBXBuildFile; fileRef = 073408261C0197E600AF2936 /* events_btn.png */; };
		0734082D1C0197E600AF2936 /* food_btn.png in Resources */ = {isa = PBXBuildFile; fileRef = 073408271C0197E600AF2936 /* food_btn.png */; };
		0734082E1C0197E600AF2936 /* furniture_btn.png in Resources */ = {isa = PBXBuildFile; fileRef = 073408281C0197E600AF2936 /* furniture_btn.png */; };
		0734082F1C0197E600AF2936 /* Misc_btn.png in Resources */ = {isa = PBXBuildFile; fileRef = 073408291C0197E600AF2936 /* Misc_btn.png */; };
		073408301C0197E600AF2936 /* settings_btn.png in Resources */ = {isa = PBXBuildFile; fileRef = 0734082A1C0197E600AF2936 /* settings_btn.png */; };
		073408321C01994200AF2936 /* add_btn.png in Resources */ = {isa = PBXBuildFile; fileRef = 073408311C01994200AF2936 /* add_btn.png */; };
		073408351C01AC6100AF2936 /* default-placeholder-300x300.png in Resources */ = {isa = PBXBuildFile; fileRef = 073408341C01AC6100AF2936 /* default-placeholder-300x300.png */; };
		073408381C01BD6F00AF2936 /* events_nav_bg.png in Resources */ = {isa = PBXBuildFile; fileRef = 073408371C01BD6F00AF2936 /* events_nav_bg.png */; };
		0734083A1C01BD8400AF2936 /* events_title.png in Resources */ = {isa = PBXBuildFile; fileRef = 073408391C01BD8400AF2936 /* events_title.png */; };
		0734083C1C01BEC200AF2936 /* title2x.png in Resources */ = {isa = PBXBuildFile; fileRef = 0734083B1C01BEC200AF2936 /* title2x.png */; };
		0734083E1C01C1F600AF2936 /* tableview_bg.png in Resources */ = {isa = PBXBuildFile; fileRef = 0734083D1C01C1F600AF2936 /* tableview_bg.png */; };
		074021131BD163BE000C5F1E /* AddNewItemViewController.swift in Sources */ = {isa = PBXBuildFile; fileRef = 074021121BD163BE000C5F1E /* AddNewItemViewController.swift */; };
		07514D641BFDDF610043F55C /* BWWalkthroughPageViewController.swift in Sources */ = {isa = PBXBuildFile; fileRef = 07514D621BFDDF610043F55C /* BWWalkthroughPageViewController.swift */; };
		07514D651BFDDF610043F55C /* BWWalkthroughViewController.swift in Sources */ = {isa = PBXBuildFile; fileRef = 07514D631BFDDF610043F55C /* BWWalkthroughViewController.swift */; };
		07514D731BFDE02C0043F55C /* Walkthrough.storyboard in Resources */ = {isa = PBXBuildFile; fileRef = 07514D711BFDE02C0043F55C /* Walkthrough.storyboard */; };
		07514D741BFDE02C0043F55C /* BWCustomPageViewController.swift in Sources */ = {isa = PBXBuildFile; fileRef = 07514D721BFDE02C0043F55C /* BWCustomPageViewController.swift */; };
		07838B5C1BD1A2B100FC1849 /* EventsTableViewController.swift in Sources */ = {isa = PBXBuildFile; fileRef = 07838B5B1BD1A2B100FC1849 /* EventsTableViewController.swift */; };
		079F4EBD1BDCC4FC006C5A45 /* EventKit.framework in Frameworks */ = {isa = PBXBuildFile; fileRef = 079F4EBC1BDCC4FC006C5A45 /* EventKit.framework */; };
		079F4EBF1BDDD862006C5A45 /* Foundation.framework in Frameworks */ = {isa = PBXBuildFile; fileRef = 079F4EBE1BDDD862006C5A45 /* Foundation.framework */; };
		07A302CB1BD2B68F00811D84 /* CellDetailViewController.swift in Sources */ = {isa = PBXBuildFile; fileRef = 07A302CA1BD2B68F00811D84 /* CellDetailViewController.swift */; };
		07B8AF301BD1B29A000A212C /* ParseFacebookUtilsV4.framework in Frameworks */ = {isa = PBXBuildFile; fileRef = 07B8AF2C1BD1B263000A212C /* ParseFacebookUtilsV4.framework */; };
		07B8AF311BD1B29A000A212C /* Parse.framework in Frameworks */ = {isa = PBXBuildFile; fileRef = 07B8AF2D1BD1B263000A212C /* Parse.framework */; };
		07BE96D81BD1E5240073A485 /* EventTableViewCell.swift in Sources */ = {isa = PBXBuildFile; fileRef = 07BE96D71BD1E5240073A485 /* EventTableViewCell.swift */; };
		07D707BD1BFD905B0013133E /* ParseUI.framework in Frameworks */ = {isa = PBXBuildFile; fileRef = 07D707BC1BFD905B0013133E /* ParseUI.framework */; };
		07D707BE1BFD907E0013133E /* ParseUI.framework in Frameworks */ = {isa = PBXBuildFile; fileRef = 07D707BC1BFD905B0013133E /* ParseUI.framework */; };
		9499DDBB1B5313FF0041C261 /* EditProfileViewController.swift in Sources */ = {isa = PBXBuildFile; fileRef = 9499DDBA1B5313FF0041C261 /* EditProfileViewController.swift */; };
		94A665BC1B24EBD2002E6221 /* MBProgressHUD.m in Sources */ = {isa = PBXBuildFile; fileRef = 94A665BB1B24EBD2002E6221 /* MBProgressHUD.m */; };
		94A665C61B254E6D002E6221 /* MMDrawerBarButtonItem.m in Sources */ = {isa = PBXBuildFile; fileRef = 94A665BE1B254E6D002E6221 /* MMDrawerBarButtonItem.m */; };
		94A665C71B254E6D002E6221 /* MMDrawerController.m in Sources */ = {isa = PBXBuildFile; fileRef = 94A665C01B254E6D002E6221 /* MMDrawerController.m */; };
		94A665C81B254E6D002E6221 /* MMDrawerVisualState.m in Sources */ = {isa = PBXBuildFile; fileRef = 94A665C31B254E6D002E6221 /* MMDrawerVisualState.m */; };
		94A665C91B254E6D002E6221 /* UIViewController+MMDrawerController.m in Sources */ = {isa = PBXBuildFile; fileRef = 94A665C51B254E6D002E6221 /* UIViewController+MMDrawerController.m */; };
		94A665CC1B255116002E6221 /* LeftSideViewController.swift in Sources */ = {isa = PBXBuildFile; fileRef = 94A665CB1B255116002E6221 /* LeftSideViewController.swift */; };
		94A665CE1B2556DC002E6221 /* RightSideViewController.swift in Sources */ = {isa = PBXBuildFile; fileRef = 94A665CD1B2556DC002E6221 /* RightSideViewController.swift */; };
		94A665D01B256223002E6221 /* AboutViewController.swift in Sources */ = {isa = PBXBuildFile; fileRef = 94A665CF1B256223002E6221 /* AboutViewController.swift */; };
		94A665D51B2564D6002E6221 /* connectivity-bar.png in Resources */ = {isa = PBXBuildFile; fileRef = 94A665D11B2564D6002E6221 /* connectivity-bar.png */; };
		94A665D61B2564D6002E6221 /* connectivity-bar@2x.png in Resources */ = {isa = PBXBuildFile; fileRef = 94A665D21B2564D6002E6221 /* connectivity-bar@2x.png */; };
		94A665D71B2564D6002E6221 /* left_side.png in Resources */ = {isa = PBXBuildFile; fileRef = 94A665D31B2564D6002E6221 /* left_side.png */; };
		94A665D81B2564D6002E6221 /* left_side@2x.png in Resources */ = {isa = PBXBuildFile; fileRef = 94A665D41B2564D6002E6221 /* left_side@2x.png */; };
		94A665DB1B287DC5002E6221 /* PasswordResetViewController.swift in Sources */ = {isa = PBXBuildFile; fileRef = 94A665DA1B287DC5002E6221 /* PasswordResetViewController.swift */; };
		94B149701B698C030059BC60 /* MainPageViewController.swift in Sources */ = {isa = PBXBuildFile; fileRef = 94B9F5F01B23B614001943E4 /* MainPageViewController.swift */; };
		94B149711B698C030059BC60 /* MMDrawerBarButtonItem.m in Sources */ = {isa = PBXBuildFile; fileRef = 94A665BE1B254E6D002E6221 /* MMDrawerBarButtonItem.m */; };
		94B149721B698C030059BC60 /* MMDrawerController.m in Sources */ = {isa = PBXBuildFile; fileRef = 94A665C01B254E6D002E6221 /* MMDrawerController.m */; };
		94B149731B698C030059BC60 /* SignUpViewController.swift in Sources */ = {isa = PBXBuildFile; fileRef = 94B9F5EE1B220FAC001943E4 /* SignUpViewController.swift */; };
		94B149741B698C030059BC60 /* MMDrawerVisualState.m in Sources */ = {isa = PBXBuildFile; fileRef = 94A665C31B254E6D002E6221 /* MMDrawerVisualState.m */; };
		94B149751B698C030059BC60 /* MBProgressHUD.m in Sources */ = {isa = PBXBuildFile; fileRef = 94A665BB1B24EBD2002E6221 /* MBProgressHUD.m */; };
		94B149761B698C030059BC60 /* EditProfileViewController.swift in Sources */ = {isa = PBXBuildFile; fileRef = 9499DDBA1B5313FF0041C261 /* EditProfileViewController.swift */; };
		94B149771B698C030059BC60 /* AboutViewController.swift in Sources */ = {isa = PBXBuildFile; fileRef = 94A665CF1B256223002E6221 /* AboutViewController.swift */; };
		94B149781B698C030059BC60 /* PasswordResetViewController.swift in Sources */ = {isa = PBXBuildFile; fileRef = 94A665DA1B287DC5002E6221 /* PasswordResetViewController.swift */; };
		94B149791B698C030059BC60 /* UIViewController+MMDrawerController.m in Sources */ = {isa = PBXBuildFile; fileRef = 94A665C51B254E6D002E6221 /* UIViewController+MMDrawerController.m */; };
		94B1497A1B698C030059BC60 /* ViewController.swift in Sources */ = {isa = PBXBuildFile; fileRef = 94B9F5B11B20EFAF001943E4 /* ViewController.swift */; };
		94B1497B1B698C030059BC60 /* LeftSideViewController.swift in Sources */ = {isa = PBXBuildFile; fileRef = 94A665CB1B255116002E6221 /* LeftSideViewController.swift */; };
		94B1497C1B698C030059BC60 /* RightSideViewController.swift in Sources */ = {isa = PBXBuildFile; fileRef = 94A665CD1B2556DC002E6221 /* RightSideViewController.swift */; };
		94B1497D1B698C030059BC60 /* AppDelegate.swift in Sources */ = {isa = PBXBuildFile; fileRef = 94B9F5AF1B20EFAF001943E4 /* AppDelegate.swift */; };
		94B1497F1B698C030059BC60 /* Social.framework in Frameworks */ = {isa = PBXBuildFile; fileRef = 94B9F5EB1B21243A001943E4 /* Social.framework */; };
		94B149801B698C030059BC60 /* Accounts.framework in Frameworks */ = {isa = PBXBuildFile; fileRef = 94B9F5E91B212434001943E4 /* Accounts.framework */; };
		94B149811B698C030059BC60 /* libsqlite3.dylib in Frameworks */ = {isa = PBXBuildFile; fileRef = 94B9F5E71B212422001943E4 /* libsqlite3.dylib */; };
		94B149821B698C030059BC60 /* libz.dylib in Frameworks */ = {isa = PBXBuildFile; fileRef = 94B9F5E51B212419001943E4 /* libz.dylib */; };
		94B149831B698C030059BC60 /* SystemConfiguration.framework in Frameworks */ = {isa = PBXBuildFile; fileRef = 94B9F5E31B212410001943E4 /* SystemConfiguration.framework */; };
		94B149851B698C030059BC60 /* Security.framework in Frameworks */ = {isa = PBXBuildFile; fileRef = 94B9F5DF1B212403001943E4 /* Security.framework */; };
		94B149861B698C030059BC60 /* QuartzCore.framework in Frameworks */ = {isa = PBXBuildFile; fileRef = 94B9F5DD1B2123FC001943E4 /* QuartzCore.framework */; };
		94B149871B698C030059BC60 /* MobileCoreServices.framework in Frameworks */ = {isa = PBXBuildFile; fileRef = 94B9F5DB1B2123F6001943E4 /* MobileCoreServices.framework */; };
		94B149881B698C030059BC60 /* CoreLocation.framework in Frameworks */ = {isa = PBXBuildFile; fileRef = 94B9F5D91B2123EF001943E4 /* CoreLocation.framework */; };
		94B149891B698C030059BC60 /* CoreGraphics.framework in Frameworks */ = {isa = PBXBuildFile; fileRef = 94B9F5D71B2123E8001943E4 /* CoreGraphics.framework */; };
		94B1498A1B698C030059BC60 /* CFNetwork.framework in Frameworks */ = {isa = PBXBuildFile; fileRef = 94B9F5D51B2123E0001943E4 /* CFNetwork.framework */; };
		94B1498B1B698C030059BC60 /* AudioToolbox.framework in Frameworks */ = {isa = PBXBuildFile; fileRef = 94B9F5D31B2123D8001943E4 /* AudioToolbox.framework */; };
		94B1498F1B698C030059BC60 /* left_side@2x.png in Resources */ = {isa = PBXBuildFile; fileRef = 94A665D41B2564D6002E6221 /* left_side@2x.png */; };
		94B149901B698C030059BC60 /* connectivity-bar.png in Resources */ = {isa = PBXBuildFile; fileRef = 94A665D11B2564D6002E6221 /* connectivity-bar.png */; };
		94B149911B698C030059BC60 /* connectivity-bar@2x.png in Resources */ = {isa = PBXBuildFile; fileRef = 94A665D21B2564D6002E6221 /* connectivity-bar@2x.png */; };
		94B149921B698C030059BC60 /* Main.storyboard in Resources */ = {isa = PBXBuildFile; fileRef = 94B9F5B31B20EFAF001943E4 /* Main.storyboard */; };
		94B149931B698C030059BC60 /* LaunchScreen.xib in Resources */ = {isa = PBXBuildFile; fileRef = 94B9F5B81B20EFAF001943E4 /* LaunchScreen.xib */; };
		94B149941B698C030059BC60 /* Images.xcassets in Resources */ = {isa = PBXBuildFile; fileRef = 94B9F5B61B20EFAF001943E4 /* Images.xcassets */; };
		94B149951B698C030059BC60 /* left_side.png in Resources */ = {isa = PBXBuildFile; fileRef = 94A665D31B2564D6002E6221 /* left_side.png */; };
		94B9F5B01B20EFAF001943E4 /* AppDelegate.swift in Sources */ = {isa = PBXBuildFile; fileRef = 94B9F5AF1B20EFAF001943E4 /* AppDelegate.swift */; };
		94B9F5B21B20EFAF001943E4 /* ViewController.swift in Sources */ = {isa = PBXBuildFile; fileRef = 94B9F5B11B20EFAF001943E4 /* ViewController.swift */; };
		94B9F5B51B20EFAF001943E4 /* Main.storyboard in Resources */ = {isa = PBXBuildFile; fileRef = 94B9F5B31B20EFAF001943E4 /* Main.storyboard */; };
		94B9F5B71B20EFAF001943E4 /* Images.xcassets in Resources */ = {isa = PBXBuildFile; fileRef = 94B9F5B61B20EFAF001943E4 /* Images.xcassets */; };
		94B9F5BA1B20EFAF001943E4 /* LaunchScreen.xib in Resources */ = {isa = PBXBuildFile; fileRef = 94B9F5B81B20EFAF001943E4 /* LaunchScreen.xib */; };
		94B9F5C61B20EFAF001943E4 /* MyNewAppTests.swift in Sources */ = {isa = PBXBuildFile; fileRef = 94B9F5C51B20EFAF001943E4 /* MyNewAppTests.swift */; };
		94B9F5D41B2123D8001943E4 /* AudioToolbox.framework in Frameworks */ = {isa = PBXBuildFile; fileRef = 94B9F5D31B2123D8001943E4 /* AudioToolbox.framework */; };
		94B9F5D61B2123E0001943E4 /* CFNetwork.framework in Frameworks */ = {isa = PBXBuildFile; fileRef = 94B9F5D51B2123E0001943E4 /* CFNetwork.framework */; };
		94B9F5D81B2123E8001943E4 /* CoreGraphics.framework in Frameworks */ = {isa = PBXBuildFile; fileRef = 94B9F5D71B2123E8001943E4 /* CoreGraphics.framework */; };
		94B9F5DA1B2123EF001943E4 /* CoreLocation.framework in Frameworks */ = {isa = PBXBuildFile; fileRef = 94B9F5D91B2123EF001943E4 /* CoreLocation.framework */; };
		94B9F5DC1B2123F6001943E4 /* MobileCoreServices.framework in Frameworks */ = {isa = PBXBuildFile; fileRef = 94B9F5DB1B2123F6001943E4 /* MobileCoreServices.framework */; };
		94B9F5DE1B2123FD001943E4 /* QuartzCore.framework in Frameworks */ = {isa = PBXBuildFile; fileRef = 94B9F5DD1B2123FC001943E4 /* QuartzCore.framework */; };
		94B9F5E01B212403001943E4 /* Security.framework in Frameworks */ = {isa = PBXBuildFile; fileRef = 94B9F5DF1B212403001943E4 /* Security.framework */; };
		94B9F5E41B212410001943E4 /* SystemConfiguration.framework in Frameworks */ = {isa = PBXBuildFile; fileRef = 94B9F5E31B212410001943E4 /* SystemConfiguration.framework */; };
		94B9F5E61B212419001943E4 /* libz.dylib in Frameworks */ = {isa = PBXBuildFile; fileRef = 94B9F5E51B212419001943E4 /* libz.dylib */; };
		94B9F5E81B212422001943E4 /* libsqlite3.dylib in Frameworks */ = {isa = PBXBuildFile; fileRef = 94B9F5E71B212422001943E4 /* libsqlite3.dylib */; };
		94B9F5EA1B212434001943E4 /* Accounts.framework in Frameworks */ = {isa = PBXBuildFile; fileRef = 94B9F5E91B212434001943E4 /* Accounts.framework */; };
		94B9F5EC1B21243A001943E4 /* Social.framework in Frameworks */ = {isa = PBXBuildFile; fileRef = 94B9F5EB1B21243A001943E4 /* Social.framework */; };
		94B9F5EF1B220FAC001943E4 /* SignUpViewController.swift in Sources */ = {isa = PBXBuildFile; fileRef = 94B9F5EE1B220FAC001943E4 /* SignUpViewController.swift */; };
		94B9F5F11B23B614001943E4 /* MainPageViewController.swift in Sources */ = {isa = PBXBuildFile; fileRef = 94B9F5F01B23B614001943E4 /* MainPageViewController.swift */; };
		94C4495A1B755320003D47EA /* FBSDKCoreKit.framework in Frameworks */ = {isa = PBXBuildFile; fileRef = 94C449581B755320003D47EA /* FBSDKCoreKit.framework */; };
		94C4495B1B755320003D47EA /* FBSDKCoreKit.framework in Frameworks */ = {isa = PBXBuildFile; fileRef = 94C449581B755320003D47EA /* FBSDKCoreKit.framework */; };
		94C4495C1B755320003D47EA /* FBSDKLoginKit.framework in Frameworks */ = {isa = PBXBuildFile; fileRef = 94C449591B755320003D47EA /* FBSDKLoginKit.framework */; };
		94C4495D1B755320003D47EA /* FBSDKLoginKit.framework in Frameworks */ = {isa = PBXBuildFile; fileRef = 94C449591B755320003D47EA /* FBSDKLoginKit.framework */; };
		94C449621B75551C003D47EA /* StoreKit.framework in Frameworks */ = {isa = PBXBuildFile; fileRef = 94C449611B75551C003D47EA /* StoreKit.framework */; };
		94C449681B7556FB003D47EA /* Bolts.framework in Frameworks */ = {isa = PBXBuildFile; fileRef = 94C449661B7556FB003D47EA /* Bolts.framework */; };
		94C449691B7556FB003D47EA /* Bolts.framework in Frameworks */ = {isa = PBXBuildFile; fileRef = 94C449661B7556FB003D47EA /* Bolts.framework */; };
/* End PBXBuildFile section */

/* Begin PBXContainerItemProxy section */
		94B9F5C01B20EFAF001943E4 /* PBXContainerItemProxy */ = {
			isa = PBXContainerItemProxy;
			containerPortal = 94B9F5A21B20EFAF001943E4 /* Project object */;
			proxyType = 1;
			remoteGlobalIDString = 94B9F5A91B20EFAF001943E4;
			remoteInfo = MyNewApp;
		};
/* End PBXContainerItemProxy section */

/* Begin PBXFileReference section */
		07320C001BFC019600A67C81 /* CategorySelection.swift */ = {isa = PBXFileReference; fileEncoding = 4; lastKnownFileType = sourcecode.swift; path = CategorySelection.swift; sourceTree = "<group>"; };
		073407F61C00A82600AF2936 /* college_buddy_0003_background_img.png */ = {isa = PBXFileReference; lastKnownFileType = image.png; path = college_buddy_0003_background_img.png; sourceTree = "<group>"; };
		073407F91C00AE9300AF2936 /* divider.png */ = {isa = PBXFileReference; lastKnownFileType = image.png; path = divider.png; sourceTree = "<group>"; };
		073407FA1C00AE9300AF2936 /* fb_login.png */ = {isa = PBXFileReference; lastKnownFileType = image.png; path = fb_login.png; sourceTree = "<group>"; };
		073407FB1C00AE9300AF2936 /* forgot.png */ = {isa = PBXFileReference; lastKnownFileType = image.png; path = forgot.png; sourceTree = "<group>"; };
		073407FC1C00AE9300AF2936 /* Logo.png */ = {isa = PBXFileReference; lastKnownFileType = image.png; path = Logo.png; sourceTree = "<group>"; };
		073407FD1C00AE9300AF2936 /* no_account.png */ = {isa = PBXFileReference; lastKnownFileType = image.png; path = no_account.png; sourceTree = "<group>"; };
		073407FE1C00AE9300AF2936 /* Sign_in.png */ = {isa = PBXFileReference; lastKnownFileType = image.png; path = Sign_in.png; sourceTree = "<group>"; };
		073407FF1C00AE9300AF2936 /* sign_up.png */ = {isa = PBXFileReference; lastKnownFileType = image.png; path = sign_up.png; sourceTree = "<group>"; };
		073408001C00AE9300AF2936 /* twitter_login.png */ = {isa = PBXFileReference; lastKnownFileType = image.png; path = twitter_login.png; sourceTree = "<group>"; };
		073408091C00B22B00AF2936 /* Home_BG.png */ = {isa = PBXFileReference; lastKnownFileType = image.png; path = Home_BG.png; sourceTree = "<group>"; };
		0734080B1C00BD7500AF2936 /* launch_screen.png */ = {isa = PBXFileReference; lastKnownFileType = image.png; path = launch_screen.png; sourceTree = "<group>"; };
		0734080E1C00D8D000AF2936 /* sidebar_bg.png */ = {isa = PBXFileReference; lastKnownFileType = image.png; path = sidebar_bg.png; sourceTree = "<group>"; };
		073408161C00FE4500AF2936 /* sidebar_divider.png */ = {isa = PBXFileReference; lastKnownFileType = image.png; path = sidebar_divider.png; sourceTree = "<group>"; };
		0734081A1C01046500AF2936 /* sidebar_select.png */ = {isa = PBXFileReference; lastKnownFileType = image.png; path = sidebar_select.png; sourceTree = "<group>"; };
		073408231C01967300AF2936 /* feed_bg2.png */ = {isa = PBXFileReference; lastKnownFileType = image.png; path = feed_bg2.png; sourceTree = "<group>"; };
		073408251C0197E600AF2936 /* books_btn.png */ = {isa = PBXFileReference; lastKnownFileType = image.png; path = books_btn.png; sourceTree = "<group>"; };
		073408261C0197E600AF2936 /* events_btn.png */ = {isa = PBXFileReference; lastKnownFileType = image.png; path = events_btn.png; sourceTree = "<group>"; };
		073408271C0197E600AF2936 /* food_btn.png */ = {isa = PBXFileReference; lastKnownFileType = image.png; path = food_btn.png; sourceTree = "<group>"; };
		073408281C0197E600AF2936 /* furniture_btn.png */ = {isa = PBXFileReference; lastKnownFileType = image.png; path = furniture_btn.png; sourceTree = "<group>"; };
		073408291C0197E600AF2936 /* Misc_btn.png */ = {isa = PBXFileReference; lastKnownFileType = image.png; path = Misc_btn.png; sourceTree = "<group>"; };
		0734082A1C0197E600AF2936 /* settings_btn.png */ = {isa = PBXFileReference; lastKnownFileType = image.png; path = settings_btn.png; sourceTree = "<group>"; };
		073408311C01994200AF2936 /* add_btn.png */ = {isa = PBXFileReference; lastKnownFileType = image.png; path = add_btn.png; sourceTree = "<group>"; };
		073408341C01AC6100AF2936 /* default-placeholder-300x300.png */ = {isa = PBXFileReference; lastKnownFileType = image.png; path = "default-placeholder-300x300.png"; sourceTree = "<group>"; };
		073408371C01BD6F00AF2936 /* events_nav_bg.png */ = {isa = PBXFileReference; lastKnownFileType = image.png; path = events_nav_bg.png; sourceTree = "<group>"; };
		073408391C01BD8400AF2936 /* events_title.png */ = {isa = PBXFileReference; lastKnownFileType = image.png; path = events_title.png; sourceTree = "<group>"; };
		0734083B1C01BEC200AF2936 /* title2x.png */ = {isa = PBXFileReference; lastKnownFileType = image.png; path = title2x.png; sourceTree = "<group>"; };
		0734083D1C01C1F600AF2936 /* tableview_bg.png */ = {isa = PBXFileReference; lastKnownFileType = image.png; path = tableview_bg.png; sourceTree = "<group>"; };
		074021121BD163BE000C5F1E /* AddNewItemViewController.swift */ = {isa = PBXFileReference; fileEncoding = 4; lastKnownFileType = sourcecode.swift; path = AddNewItemViewController.swift; sourceTree = "<group>"; };
		07514D621BFDDF610043F55C /* BWWalkthroughPageViewController.swift */ = {isa = PBXFileReference; fileEncoding = 4; lastKnownFileType = sourcecode.swift; name = BWWalkthroughPageViewController.swift; path = BWWalkthrough/BWWalkthroughPageViewController.swift; sourceTree = SOURCE_ROOT; };
		07514D631BFDDF610043F55C /* BWWalkthroughViewController.swift */ = {isa = PBXFileReference; fileEncoding = 4; lastKnownFileType = sourcecode.swift; name = BWWalkthroughViewController.swift; path = BWWalkthrough/BWWalkthroughViewController.swift; sourceTree = SOURCE_ROOT; };
		07514D711BFDE02C0043F55C /* Walkthrough.storyboard */ = {isa = PBXFileReference; fileEncoding = 4; lastKnownFileType = file.storyboard; path = Walkthrough.storyboard; sourceTree = "<group>"; };
		07514D721BFDE02C0043F55C /* BWCustomPageViewController.swift */ = {isa = PBXFileReference; fileEncoding = 4; lastKnownFileType = sourcecode.swift; path = BWCustomPageViewController.swift; sourceTree = "<group>"; };
		07838B5B1BD1A2B100FC1849 /* EventsTableViewController.swift */ = {isa = PBXFileReference; fileEncoding = 4; lastKnownFileType = sourcecode.swift; path = EventsTableViewController.swift; sourceTree = "<group>"; };
		079F4EBC1BDCC4FC006C5A45 /* EventKit.framework */ = {isa = PBXFileReference; lastKnownFileType = wrapper.framework; name = EventKit.framework; path = System/Library/Frameworks/EventKit.framework; sourceTree = SDKROOT; };
		079F4EBE1BDDD862006C5A45 /* Foundation.framework */ = {isa = PBXFileReference; lastKnownFileType = wrapper.framework; name = Foundation.framework; path = System/Library/Frameworks/Foundation.framework; sourceTree = SDKROOT; };
		07A302CA1BD2B68F00811D84 /* CellDetailViewController.swift */ = {isa = PBXFileReference; fileEncoding = 4; lastKnownFileType = sourcecode.swift; path = CellDetailViewController.swift; sourceTree = "<group>"; };
		07B8AF2C1BD1B263000A212C /* ParseFacebookUtilsV4.framework */ = {isa = PBXFileReference; lastKnownFileType = wrapper.framework; path = ParseFacebookUtilsV4.framework; sourceTree = "<group>"; };
		07B8AF2D1BD1B263000A212C /* Parse.framework */ = {isa = PBXFileReference; lastKnownFileType = wrapper.framework; path = Parse.framework; sourceTree = "<group>"; };
		07BE96D71BD1E5240073A485 /* EventTableViewCell.swift */ = {isa = PBXFileReference; fileEncoding = 4; lastKnownFileType = sourcecode.swift; path = EventTableViewCell.swift; sourceTree = "<group>"; };
		07D707BC1BFD905B0013133E /* ParseUI.framework */ = {isa = PBXFileReference; lastKnownFileType = wrapper.framework; path = ParseUI.framework; sourceTree = "<group>"; };
		9499DDBA1B5313FF0041C261 /* EditProfileViewController.swift */ = {isa = PBXFileReference; fileEncoding = 4; lastKnownFileType = sourcecode.swift; path = EditProfileViewController.swift; sourceTree = "<group>"; };
		94A665B91B24EBD1002E6221 /* MyNewApp-Bridging-Header.h */ = {isa = PBXFileReference; lastKnownFileType = sourcecode.c.h; path = "MyNewApp-Bridging-Header.h"; sourceTree = "<group>"; };
		94A665BA1B24EBD2002E6221 /* MBProgressHUD.h */ = {isa = PBXFileReference; fileEncoding = 4; lastKnownFileType = sourcecode.c.h; path = MBProgressHUD.h; sourceTree = "<group>"; };
		94A665BB1B24EBD2002E6221 /* MBProgressHUD.m */ = {isa = PBXFileReference; fileEncoding = 4; lastKnownFileType = sourcecode.c.objc; path = MBProgressHUD.m; sourceTree = "<group>"; };
		94A665BD1B254E6D002E6221 /* MMDrawerBarButtonItem.h */ = {isa = PBXFileReference; fileEncoding = 4; lastKnownFileType = sourcecode.c.h; path = MMDrawerBarButtonItem.h; sourceTree = "<group>"; };
		94A665BE1B254E6D002E6221 /* MMDrawerBarButtonItem.m */ = {isa = PBXFileReference; fileEncoding = 4; lastKnownFileType = sourcecode.c.objc; path = MMDrawerBarButtonItem.m; sourceTree = "<group>"; };
		94A665BF1B254E6D002E6221 /* MMDrawerController.h */ = {isa = PBXFileReference; fileEncoding = 4; lastKnownFileType = sourcecode.c.h; path = MMDrawerController.h; sourceTree = "<group>"; };
		94A665C01B254E6D002E6221 /* MMDrawerController.m */ = {isa = PBXFileReference; fileEncoding = 4; lastKnownFileType = sourcecode.c.objc; path = MMDrawerController.m; sourceTree = "<group>"; };
		94A665C11B254E6D002E6221 /* MMDrawerController+Subclass.h */ = {isa = PBXFileReference; fileEncoding = 4; lastKnownFileType = sourcecode.c.h; path = "MMDrawerController+Subclass.h"; sourceTree = "<group>"; };
		94A665C21B254E6D002E6221 /* MMDrawerVisualState.h */ = {isa = PBXFileReference; fileEncoding = 4; lastKnownFileType = sourcecode.c.h; path = MMDrawerVisualState.h; sourceTree = "<group>"; };
		94A665C31B254E6D002E6221 /* MMDrawerVisualState.m */ = {isa = PBXFileReference; fileEncoding = 4; lastKnownFileType = sourcecode.c.objc; path = MMDrawerVisualState.m; sourceTree = "<group>"; };
		94A665C41B254E6D002E6221 /* UIViewController+MMDrawerController.h */ = {isa = PBXFileReference; fileEncoding = 4; lastKnownFileType = sourcecode.c.h; path = "UIViewController+MMDrawerController.h"; sourceTree = "<group>"; };
		94A665C51B254E6D002E6221 /* UIViewController+MMDrawerController.m */ = {isa = PBXFileReference; fileEncoding = 4; lastKnownFileType = sourcecode.c.objc; path = "UIViewController+MMDrawerController.m"; sourceTree = "<group>"; };
		94A665CB1B255116002E6221 /* LeftSideViewController.swift */ = {isa = PBXFileReference; fileEncoding = 4; lastKnownFileType = sourcecode.swift; path = LeftSideViewController.swift; sourceTree = "<group>"; };
		94A665CD1B2556DC002E6221 /* RightSideViewController.swift */ = {isa = PBXFileReference; fileEncoding = 4; lastKnownFileType = sourcecode.swift; path = RightSideViewController.swift; sourceTree = "<group>"; };
		94A665CF1B256223002E6221 /* AboutViewController.swift */ = {isa = PBXFileReference; fileEncoding = 4; lastKnownFileType = sourcecode.swift; path = AboutViewController.swift; sourceTree = "<group>"; };
		94A665D11B2564D6002E6221 /* connectivity-bar.png */ = {isa = PBXFileReference; lastKnownFileType = image.png; path = "connectivity-bar.png"; sourceTree = "<group>"; };
		94A665D21B2564D6002E6221 /* connectivity-bar@2x.png */ = {isa = PBXFileReference; lastKnownFileType = image.png; path = "connectivity-bar@2x.png"; sourceTree = "<group>"; };
		94A665D31B2564D6002E6221 /* left_side.png */ = {isa = PBXFileReference; lastKnownFileType = image.png; path = left_side.png; sourceTree = "<group>"; };
		94A665D41B2564D6002E6221 /* left_side@2x.png */ = {isa = PBXFileReference; lastKnownFileType = image.png; path = "left_side@2x.png"; sourceTree = "<group>"; };
		94A665DA1B287DC5002E6221 /* PasswordResetViewController.swift */ = {isa = PBXFileReference; fileEncoding = 4; lastKnownFileType = sourcecode.swift; path = PasswordResetViewController.swift; sourceTree = "<group>"; };
		94B149991B698C030059BC60 /* myapp.app */ = {isa = PBXFileReference; explicitFileType = wrapper.application; includeInIndex = 0; path = myapp.app; sourceTree = BUILT_PRODUCTS_DIR; };
		94B1499A1B698C030059BC60 /* MyNewApp copy-Info.plist */ = {isa = PBXFileReference; lastKnownFileType = text.plist.xml; name = "MyNewApp copy-Info.plist"; path = "/Users/sergeykargopolov/Documents/Sergey/iOS-lessons/My course 2/MyNewApp/MyNewApp copy-Info.plist"; sourceTree = "<absolute>"; };
		94B9F5AA1B20EFAF001943E4 /* CollegeBuddy.app */ = {isa = PBXFileReference; explicitFileType = wrapper.application; includeInIndex = 0; path = CollegeBuddy.app; sourceTree = BUILT_PRODUCTS_DIR; };
		94B9F5AE1B20EFAF001943E4 /* Info.plist */ = {isa = PBXFileReference; lastKnownFileType = text.plist.xml; path = Info.plist; sourceTree = "<group>"; };
		94B9F5AF1B20EFAF001943E4 /* AppDelegate.swift */ = {isa = PBXFileReference; lastKnownFileType = sourcecode.swift; path = AppDelegate.swift; sourceTree = "<group>"; };
		94B9F5B11B20EFAF001943E4 /* ViewController.swift */ = {isa = PBXFileReference; lastKnownFileType = sourcecode.swift; path = ViewController.swift; sourceTree = "<group>"; };
		94B9F5B41B20EFAF001943E4 /* Base */ = {isa = PBXFileReference; lastKnownFileType = file.storyboard; name = Base; path = Base.lproj/Main.storyboard; sourceTree = "<group>"; };
		94B9F5B61B20EFAF001943E4 /* Images.xcassets */ = {isa = PBXFileReference; lastKnownFileType = folder.assetcatalog; path = Images.xcassets; sourceTree = "<group>"; };
		94B9F5B91B20EFAF001943E4 /* Base */ = {isa = PBXFileReference; lastKnownFileType = file.xib; name = Base; path = Base.lproj/LaunchScreen.xib; sourceTree = "<group>"; };
		94B9F5BF1B20EFAF001943E4 /* CollegeBuddy.xctest */ = {isa = PBXFileReference; explicitFileType = wrapper.cfbundle; includeInIndex = 0; path = CollegeBuddy.xctest; sourceTree = BUILT_PRODUCTS_DIR; };
		94B9F5C41B20EFAF001943E4 /* Info.plist */ = {isa = PBXFileReference; lastKnownFileType = text.plist.xml; path = Info.plist; sourceTree = "<group>"; };
		94B9F5C51B20EFAF001943E4 /* MyNewAppTests.swift */ = {isa = PBXFileReference; lastKnownFileType = sourcecode.swift; path = MyNewAppTests.swift; sourceTree = "<group>"; };
		94B9F5D31B2123D8001943E4 /* AudioToolbox.framework */ = {isa = PBXFileReference; lastKnownFileType = wrapper.framework; name = AudioToolbox.framework; path = System/Library/Frameworks/AudioToolbox.framework; sourceTree = SDKROOT; };
		94B9F5D51B2123E0001943E4 /* CFNetwork.framework */ = {isa = PBXFileReference; lastKnownFileType = wrapper.framework; name = CFNetwork.framework; path = System/Library/Frameworks/CFNetwork.framework; sourceTree = SDKROOT; };
		94B9F5D71B2123E8001943E4 /* CoreGraphics.framework */ = {isa = PBXFileReference; lastKnownFileType = wrapper.framework; name = CoreGraphics.framework; path = System/Library/Frameworks/CoreGraphics.framework; sourceTree = SDKROOT; };
		94B9F5D91B2123EF001943E4 /* CoreLocation.framework */ = {isa = PBXFileReference; lastKnownFileType = wrapper.framework; name = CoreLocation.framework; path = System/Library/Frameworks/CoreLocation.framework; sourceTree = SDKROOT; };
		94B9F5DB1B2123F6001943E4 /* MobileCoreServices.framework */ = {isa = PBXFileReference; lastKnownFileType = wrapper.framework; name = MobileCoreServices.framework; path = System/Library/Frameworks/MobileCoreServices.framework; sourceTree = SDKROOT; };
		94B9F5DD1B2123FC001943E4 /* QuartzCore.framework */ = {isa = PBXFileReference; lastKnownFileType = wrapper.framework; name = QuartzCore.framework; path = System/Library/Frameworks/QuartzCore.framework; sourceTree = SDKROOT; };
		94B9F5DF1B212403001943E4 /* Security.framework */ = {isa = PBXFileReference; lastKnownFileType = wrapper.framework; name = Security.framework; path = System/Library/Frameworks/Security.framework; sourceTree = SDKROOT; };
		94B9F5E31B212410001943E4 /* SystemConfiguration.framework */ = {isa = PBXFileReference; lastKnownFileType = wrapper.framework; name = SystemConfiguration.framework; path = System/Library/Frameworks/SystemConfiguration.framework; sourceTree = SDKROOT; };
		94B9F5E51B212419001943E4 /* libz.dylib */ = {isa = PBXFileReference; lastKnownFileType = "compiled.mach-o.dylib"; name = libz.dylib; path = usr/lib/libz.dylib; sourceTree = SDKROOT; };
		94B9F5E71B212422001943E4 /* libsqlite3.dylib */ = {isa = PBXFileReference; lastKnownFileType = "compiled.mach-o.dylib"; name = libsqlite3.dylib; path = usr/lib/libsqlite3.dylib; sourceTree = SDKROOT; };
		94B9F5E91B212434001943E4 /* Accounts.framework */ = {isa = PBXFileReference; lastKnownFileType = wrapper.framework; name = Accounts.framework; path = System/Library/Frameworks/Accounts.framework; sourceTree = SDKROOT; };
		94B9F5EB1B21243A001943E4 /* Social.framework */ = {isa = PBXFileReference; lastKnownFileType = wrapper.framework; name = Social.framework; path = System/Library/Frameworks/Social.framework; sourceTree = SDKROOT; };
		94B9F5EE1B220FAC001943E4 /* SignUpViewController.swift */ = {isa = PBXFileReference; fileEncoding = 4; lastKnownFileType = sourcecode.swift; path = SignUpViewController.swift; sourceTree = "<group>"; };
		94B9F5F01B23B614001943E4 /* MainPageViewController.swift */ = {isa = PBXFileReference; fileEncoding = 4; lastKnownFileType = sourcecode.swift; path = MainPageViewController.swift; sourceTree = "<group>"; };
		94C449581B755320003D47EA /* FBSDKCoreKit.framework */ = {isa = PBXFileReference; lastKnownFileType = wrapper.framework; path = FBSDKCoreKit.framework; sourceTree = "<group>"; };
		94C449591B755320003D47EA /* FBSDKLoginKit.framework */ = {isa = PBXFileReference; lastKnownFileType = wrapper.framework; path = FBSDKLoginKit.framework; sourceTree = "<group>"; };
		94C449611B75551C003D47EA /* StoreKit.framework */ = {isa = PBXFileReference; lastKnownFileType = wrapper.framework; name = StoreKit.framework; path = System/Library/Frameworks/StoreKit.framework; sourceTree = SDKROOT; };
		94C449661B7556FB003D47EA /* Bolts.framework */ = {isa = PBXFileReference; lastKnownFileType = wrapper.framework; path = Bolts.framework; sourceTree = "<group>"; };
/* End PBXFileReference section */

/* Begin PBXFrameworksBuildPhase section */
		94B1497E1B698C030059BC60 /* Frameworks */ = {
			isa = PBXFrameworksBuildPhase;
			buildActionMask = 2147483647;
			files = (
				07D707BD1BFD905B0013133E /* ParseUI.framework in Frameworks */,
				94B1497F1B698C030059BC60 /* Social.framework in Frameworks */,
				94B149801B698C030059BC60 /* Accounts.framework in Frameworks */,
				94B149811B698C030059BC60 /* libsqlite3.dylib in Frameworks */,
				94B149821B698C030059BC60 /* libz.dylib in Frameworks */,
				94B149831B698C030059BC60 /* SystemConfiguration.framework in Frameworks */,
				94B149851B698C030059BC60 /* Security.framework in Frameworks */,
				94B149861B698C030059BC60 /* QuartzCore.framework in Frameworks */,
				94B149871B698C030059BC60 /* MobileCoreServices.framework in Frameworks */,
				94B149881B698C030059BC60 /* CoreLocation.framework in Frameworks */,
				94B149891B698C030059BC60 /* CoreGraphics.framework in Frameworks */,
				94C4495B1B755320003D47EA /* FBSDKCoreKit.framework in Frameworks */,
				94B1498A1B698C030059BC60 /* CFNetwork.framework in Frameworks */,
				94B1498B1B698C030059BC60 /* AudioToolbox.framework in Frameworks */,
				94C4495D1B755320003D47EA /* FBSDKLoginKit.framework in Frameworks */,
				94C449691B7556FB003D47EA /* Bolts.framework in Frameworks */,
			);
			runOnlyForDeploymentPostprocessing = 0;
		};
		94B9F5A71B20EFAF001943E4 /* Frameworks */ = {
			isa = PBXFrameworksBuildPhase;
			buildActionMask = 2147483647;
			files = (
				07D707BE1BFD907E0013133E /* ParseUI.framework in Frameworks */,
				079F4EBF1BDDD862006C5A45 /* Foundation.framework in Frameworks */,
				079F4EBD1BDCC4FC006C5A45 /* EventKit.framework in Frameworks */,
				07B8AF301BD1B29A000A212C /* ParseFacebookUtilsV4.framework in Frameworks */,
				07B8AF311BD1B29A000A212C /* Parse.framework in Frameworks */,
				94C449621B75551C003D47EA /* StoreKit.framework in Frameworks */,
				94B9F5EC1B21243A001943E4 /* Social.framework in Frameworks */,
				94B9F5EA1B212434001943E4 /* Accounts.framework in Frameworks */,
				94B9F5E81B212422001943E4 /* libsqlite3.dylib in Frameworks */,
				94B9F5E61B212419001943E4 /* libz.dylib in Frameworks */,
				94B9F5E41B212410001943E4 /* SystemConfiguration.framework in Frameworks */,
				94B9F5E01B212403001943E4 /* Security.framework in Frameworks */,
				94B9F5DE1B2123FD001943E4 /* QuartzCore.framework in Frameworks */,
				94B9F5DC1B2123F6001943E4 /* MobileCoreServices.framework in Frameworks */,
				94B9F5DA1B2123EF001943E4 /* CoreLocation.framework in Frameworks */,
				94B9F5D81B2123E8001943E4 /* CoreGraphics.framework in Frameworks */,
				94C4495A1B755320003D47EA /* FBSDKCoreKit.framework in Frameworks */,
				94C449681B7556FB003D47EA /* Bolts.framework in Frameworks */,
				94B9F5D61B2123E0001943E4 /* CFNetwork.framework in Frameworks */,
				94B9F5D41B2123D8001943E4 /* AudioToolbox.framework in Frameworks */,
				94C4495C1B755320003D47EA /* FBSDKLoginKit.framework in Frameworks */,
			);
			runOnlyForDeploymentPostprocessing = 0;
		};
		94B9F5BC1B20EFAF001943E4 /* Frameworks */ = {
			isa = PBXFrameworksBuildPhase;
			buildActionMask = 2147483647;
			files = (
			);
			runOnlyForDeploymentPostprocessing = 0;
		};
/* End PBXFrameworksBuildPhase section */

/* Begin PBXGroup section */
		0701FDC11BFDD90F00DFDC45 /* Misc Frameworks */ = {
			isa = PBXGroup;
			children = (
				94B9F5E51B212419001943E4 /* libz.dylib */,
				94B9F5E71B212422001943E4 /* libsqlite3.dylib */,
			);
			name = "Misc Frameworks";
			sourceTree = "<group>";
		};
		073407F81C00AE7900AF2936 /* Login_screen_assets */ = {
			isa = PBXGroup;
			children = (
				073407F91C00AE9300AF2936 /* divider.png */,
				073407FA1C00AE9300AF2936 /* fb_login.png */,
				073407FB1C00AE9300AF2936 /* forgot.png */,
				073407FC1C00AE9300AF2936 /* Logo.png */,
				073407FD1C00AE9300AF2936 /* no_account.png */,
				073408091C00B22B00AF2936 /* Home_BG.png */,
				073407FE1C00AE9300AF2936 /* Sign_in.png */,
				073407FF1C00AE9300AF2936 /* sign_up.png */,
				073408001C00AE9300AF2936 /* twitter_login.png */,
				0734080B1C00BD7500AF2936 /* launch_screen.png */,
				073407F61C00A82600AF2936 /* college_buddy_0003_background_img.png */,
			);
			name = Login_screen_assets;
			sourceTree = "<group>";
		};
		0734080D1C00D8B800AF2936 /* sidebar_assets */ = {
			isa = PBXGroup;
			children = (
				073408161C00FE4500AF2936 /* sidebar_divider.png */,
				0734081A1C01046500AF2936 /* sidebar_select.png */,
				0734080E1C00D8D000AF2936 /* sidebar_bg.png */,
			);
			name = sidebar_assets;
			sourceTree = "<group>";
		};
		0734081C1C017A2100AF2936 /* feed_assets */ = {
			isa = PBXGroup;
			children = (
				073408311C01994200AF2936 /* add_btn.png */,
				073408251C0197E600AF2936 /* books_btn.png */,
				073408261C0197E600AF2936 /* events_btn.png */,
				073408271C0197E600AF2936 /* food_btn.png */,
				073408281C0197E600AF2936 /* furniture_btn.png */,
				073408291C0197E600AF2936 /* Misc_btn.png */,
				0734082A1C0197E600AF2936 /* settings_btn.png */,
				073408231C01967300AF2936 /* feed_bg2.png */,
			);
			name = feed_assets;
			sourceTree = "<group>";
		};
		073408331C01AC0F00AF2936 /* table_view_assets */ = {
			isa = PBXGroup;
			children = (
				073408341C01AC6100AF2936 /* default-placeholder-300x300.png */,
			);
			name = table_view_assets;
			path = ..;
			sourceTree = "<group>";
		};
		073408361C01BD5F00AF2936 /* events_assets */ = {
			isa = PBXGroup;
			children = (
				0734083D1C01C1F600AF2936 /* tableview_bg.png */,
				073408371C01BD6F00AF2936 /* events_nav_bg.png */,
				0734083B1C01BEC200AF2936 /* title2x.png */,
				073408391C01BD8400AF2936 /* events_title.png */,
			);
			name = events_assets;
			sourceTree = "<group>";
		};
		07514D661BFDDF690043F55C /* Walkthrough Files */ = {
			isa = PBXGroup;
			children = (
				07514D721BFDE02C0043F55C /* BWCustomPageViewController.swift */,
				07514D711BFDE02C0043F55C /* Walkthrough.storyboard */,
				07514D631BFDDF610043F55C /* BWWalkthroughViewController.swift */,
				07514D621BFDDF610043F55C /* BWWalkthroughPageViewController.swift */,
			);
			name = "Walkthrough Files";
			sourceTree = "<group>";
		};
		077DCB511BDB550300CFABAB /* Categories - Events */ = {
			isa = PBXGroup;
			children = (
				07A302CA1BD2B68F00811D84 /* CellDetailViewController.swift */,
				07838B5B1BD1A2B100FC1849 /* EventsTableViewController.swift */,
				07BE96D71BD1E5240073A485 /* EventTableViewCell.swift */,
				074021121BD163BE000C5F1E /* AddNewItemViewController.swift */,
			);
			name = "Categories - Events";
			sourceTree = "<group>";
		};
		077DCB521BDB63FD00CFABAB /* ProgressIndicator */ = {
			isa = PBXGroup;
			children = (
				94A665BA1B24EBD2002E6221 /* MBProgressHUD.h */,
				94A665BB1B24EBD2002E6221 /* MBProgressHUD.m */,
			);
			name = ProgressIndicator;
			sourceTree = "<group>";
		};
		07871A2B1BDED40700B0F1E0 /* Master Files */ = {
			isa = PBXGroup;
			children = (
				94B9F5AF1B20EFAF001943E4 /* AppDelegate.swift */,
				94B9F5B11B20EFAF001943E4 /* ViewController.swift */,
				94B9F5B31B20EFAF001943E4 /* Main.storyboard */,
				07320C001BFC019600A67C81 /* CategorySelection.swift */,
			);
			name = "Master Files";
			sourceTree = "<group>";
		};
		07871A2D1BDED48B00B0F1E0 /* Sidebars */ = {
			isa = PBXGroup;
			children = (
				94A665CB1B255116002E6221 /* LeftSideViewController.swift */,
				94A665CD1B2556DC002E6221 /* RightSideViewController.swift */,
			);
			name = Sidebars;
			sourceTree = "<group>";
		};
		07871A2E1BDED49E00B0F1E0 /* Bridging Header */ = {
			isa = PBXGroup;
			children = (
				94A665B91B24EBD1002E6221 /* MyNewApp-Bridging-Header.h */,
			);
			name = "Bridging Header";
			sourceTree = "<group>";
		};
		07871A2F1BDED4E400B0F1E0 /* Login/Signup */ = {
			isa = PBXGroup;
			children = (
				94B9F5F01B23B614001943E4 /* MainPageViewController.swift */,
				94B9F5EE1B220FAC001943E4 /* SignUpViewController.swift */,
				94A665DA1B287DC5002E6221 /* PasswordResetViewController.swift */,
			);
			name = Login/Signup;
			sourceTree = "<group>";
		};
		07871A301BDED4F600B0F1E0 /* About Us  */ = {
			isa = PBXGroup;
			children = (
				94A665CF1B256223002E6221 /* AboutViewController.swift */,
			);
			name = "About Us ";
			sourceTree = "<group>";
		};
		07871A311BDED50D00B0F1E0 /* Edit Profile */ = {
			isa = PBXGroup;
			children = (
				9499DDBA1B5313FF0041C261 /* EditProfileViewController.swift */,
			);
			name = "Edit Profile";
			sourceTree = "<group>";
		};
		94A665CA1B254E7A002E6221 /* MMDrawer */ = {
			isa = PBXGroup;
			children = (
				94A665BD1B254E6D002E6221 /* MMDrawerBarButtonItem.h */,
				94A665BE1B254E6D002E6221 /* MMDrawerBarButtonItem.m */,
				94A665BF1B254E6D002E6221 /* MMDrawerController.h */,
				94A665C01B254E6D002E6221 /* MMDrawerController.m */,
				94A665C11B254E6D002E6221 /* MMDrawerController+Subclass.h */,
				94A665C21B254E6D002E6221 /* MMDrawerVisualState.h */,
				94A665C31B254E6D002E6221 /* MMDrawerVisualState.m */,
				94A665C41B254E6D002E6221 /* UIViewController+MMDrawerController.h */,
				94A665C51B254E6D002E6221 /* UIViewController+MMDrawerController.m */,
			);
			name = MMDrawer;
			sourceTree = "<group>";
		};
		94A665D91B2564E0002E6221 /* icons */ = {
			isa = PBXGroup;
			children = (
				94A665D11B2564D6002E6221 /* connectivity-bar.png */,
				94A665D21B2564D6002E6221 /* connectivity-bar@2x.png */,
				94A665D31B2564D6002E6221 /* left_side.png */,
				94A665D41B2564D6002E6221 /* left_side@2x.png */,
			);
			name = icons;
			sourceTree = "<group>";
		};
		94B9F5A11B20EFAF001943E4 = {
			isa = PBXGroup;
			children = (
				94B9F5ED1B21245F001943E4 /* Frameworks */,
				94B9F5AC1B20EFAF001943E4 /* MyNewApp */,
				94B9F5C21B20EFAF001943E4 /* MyNewAppTests */,
				94B9F5AB1B20EFAF001943E4 /* Products */,
				94B1499A1B698C030059BC60 /* MyNewApp copy-Info.plist */,
			);
			sourceTree = "<group>";
		};
		94B9F5AB1B20EFAF001943E4 /* Products */ = {
			isa = PBXGroup;
			children = (
				94B9F5AA1B20EFAF001943E4 /* CollegeBuddy.app */,
				94B9F5BF1B20EFAF001943E4 /* CollegeBuddy.xctest */,
				94B149991B698C030059BC60 /* myapp.app */,
			);
			name = Products;
			sourceTree = "<group>";
		};
		94B9F5AC1B20EFAF001943E4 /* MyNewApp */ = {
			isa = PBXGroup;
			children = (
				073408361C01BD5F00AF2936 /* events_assets */,
				073408331C01AC0F00AF2936 /* table_view_assets */,
				07514D661BFDDF690043F55C /* Walkthrough Files */,
				94B9F5B61B20EFAF001943E4 /* Images.xcassets */,
				0734081C1C017A2100AF2936 /* feed_assets */,
				0734080D1C00D8B800AF2936 /* sidebar_assets */,
				073407F81C00AE7900AF2936 /* Login_screen_assets */,
				94B9F5B81B20EFAF001943E4 /* LaunchScreen.xib */,
				94A665D91B2564E0002E6221 /* icons */,
				94A665CA1B254E7A002E6221 /* MMDrawer */,
				077DCB521BDB63FD00CFABAB /* ProgressIndicator */,
				07871A2B1BDED40700B0F1E0 /* Master Files */,
				94B9F5AD1B20EFAF001943E4 /* Supporting Files */,
				077DCB511BDB550300CFABAB /* Categories - Events */,
				07871A2F1BDED4E400B0F1E0 /* Login/Signup */,
				07871A2D1BDED48B00B0F1E0 /* Sidebars */,
				07871A2E1BDED49E00B0F1E0 /* Bridging Header */,
				07871A301BDED4F600B0F1E0 /* About Us  */,
				07871A311BDED50D00B0F1E0 /* Edit Profile */,
			);
			path = MyNewApp;
			sourceTree = "<group>";
		};
		94B9F5AD1B20EFAF001943E4 /* Supporting Files */ = {
			isa = PBXGroup;
			children = (
				94B9F5AE1B20EFAF001943E4 /* Info.plist */,
			);
			name = "Supporting Files";
			sourceTree = "<group>";
		};
		94B9F5C21B20EFAF001943E4 /* MyNewAppTests */ = {
			isa = PBXGroup;
			children = (
				94B9F5C51B20EFAF001943E4 /* MyNewAppTests.swift */,
				94B9F5C31B20EFAF001943E4 /* Supporting Files */,
			);
			path = MyNewAppTests;
			sourceTree = "<group>";
		};
		94B9F5C31B20EFAF001943E4 /* Supporting Files */ = {
			isa = PBXGroup;
			children = (
				94B9F5C41B20EFAF001943E4 /* Info.plist */,
			);
			name = "Supporting Files";
			sourceTree = "<group>";
		};
		94B9F5ED1B21245F001943E4 /* Frameworks */ = {
			isa = PBXGroup;
			children = (
				07D707BC1BFD905B0013133E /* ParseUI.framework */,
				079F4EBE1BDDD862006C5A45 /* Foundation.framework */,
				079F4EBC1BDCC4FC006C5A45 /* EventKit.framework */,
				07B8AF2C1BD1B263000A212C /* ParseFacebookUtilsV4.framework */,
				07B8AF2D1BD1B263000A212C /* Parse.framework */,
				94C449661B7556FB003D47EA /* Bolts.framework */,
				94C449611B75551C003D47EA /* StoreKit.framework */,
				94C449581B755320003D47EA /* FBSDKCoreKit.framework */,
				94C449591B755320003D47EA /* FBSDKLoginKit.framework */,
				94B9F5EB1B21243A001943E4 /* Social.framework */,
				94B9F5E91B212434001943E4 /* Accounts.framework */,
				0701FDC11BFDD90F00DFDC45 /* Misc Frameworks */,
				94B9F5E31B212410001943E4 /* SystemConfiguration.framework */,
				94B9F5DF1B212403001943E4 /* Security.framework */,
				94B9F5DD1B2123FC001943E4 /* QuartzCore.framework */,
				94B9F5DB1B2123F6001943E4 /* MobileCoreServices.framework */,
				94B9F5D91B2123EF001943E4 /* CoreLocation.framework */,
				94B9F5D71B2123E8001943E4 /* CoreGraphics.framework */,
				94B9F5D51B2123E0001943E4 /* CFNetwork.framework */,
				94B9F5D31B2123D8001943E4 /* AudioToolbox.framework */,
			);
			name = Frameworks;
			sourceTree = "<group>";
		};
/* End PBXGroup section */

/* Begin PBXNativeTarget section */
		94B1496E1B698C030059BC60 /* MyApp */ = {
			isa = PBXNativeTarget;
			buildConfigurationList = 94B149961B698C030059BC60 /* Build configuration list for PBXNativeTarget "MyApp" */;
			buildPhases = (
				94B1496F1B698C030059BC60 /* Sources */,
				94B1497E1B698C030059BC60 /* Frameworks */,
				94B1498E1B698C030059BC60 /* Resources */,
			);
			buildRules = (
			);
			dependencies = (
			);
			name = MyApp;
			productName = MyNewApp;
			productReference = 94B149991B698C030059BC60 /* myapp.app */;
			productType = "com.apple.product-type.application";
		};
		94B9F5A91B20EFAF001943E4 /* CollegeBuddy */ = {
			isa = PBXNativeTarget;
			buildConfigurationList = 94B9F5C91B20EFAF001943E4 /* Build configuration list for PBXNativeTarget "CollegeBuddy" */;
			buildPhases = (
				94B9F5A61B20EFAF001943E4 /* Sources */,
				94B9F5A71B20EFAF001943E4 /* Frameworks */,
				94B9F5A81B20EFAF001943E4 /* Resources */,
			);
			buildRules = (
			);
			dependencies = (
			);
			name = CollegeBuddy;
			productName = MyNewApp;
			productReference = 94B9F5AA1B20EFAF001943E4 /* CollegeBuddy.app */;
			productType = "com.apple.product-type.application";
		};
		94B9F5BE1B20EFAF001943E4 /* CollegeBuddyTests */ = {
			isa = PBXNativeTarget;
			buildConfigurationList = 94B9F5CC1B20EFAF001943E4 /* Build configuration list for PBXNativeTarget "CollegeBuddyTests" */;
			buildPhases = (
				94B9F5BB1B20EFAF001943E4 /* Sources */,
				94B9F5BC1B20EFAF001943E4 /* Frameworks */,
				94B9F5BD1B20EFAF001943E4 /* Resources */,
			);
			buildRules = (
			);
			dependencies = (
				94B9F5C11B20EFAF001943E4 /* PBXTargetDependency */,
			);
			name = CollegeBuddyTests;
			productName = MyNewAppTests;
			productReference = 94B9F5BF1B20EFAF001943E4 /* CollegeBuddy.xctest */;
			productType = "com.apple.product-type.bundle.unit-test";
		};
/* End PBXNativeTarget section */

/* Begin PBXProject section */
		94B9F5A21B20EFAF001943E4 /* Project object */ = {
			isa = PBXProject;
			attributes = {
				LastSwiftUpdateCheck = 0700;
				LastUpgradeCheck = 0700;
				ORGANIZATIONNAME = "Sergey Kargopolov";
				TargetAttributes = {
					94B1496E1B698C030059BC60 = {
						DevelopmentTeam = SU266H6698;
						SystemCapabilities = {
							com.apple.BackgroundModes = {
								enabled = 1;
							};
							com.apple.InAppPurchase = {
								enabled = 0;
							};
						};
					};
					94B9F5A91B20EFAF001943E4 = {
						CreatedOnToolsVersion = 6.3;
						DevelopmentTeam = 9X5TZTH9NJ;
						SystemCapabilities = {
							com.apple.BackgroundModes = {
								enabled = 1;
							};
						};
					};
					94B9F5BE1B20EFAF001943E4 = {
						CreatedOnToolsVersion = 6.3;
						TestTargetID = 94B9F5A91B20EFAF001943E4;
					};
				};
			};
			buildConfigurationList = 94B9F5A51B20EFAF001943E4 /* Build configuration list for PBXProject "CollegeBuddy" */;
			compatibilityVersion = "Xcode 3.2";
			developmentRegion = English;
			hasScannedForEncodings = 0;
			knownRegions = (
				en,
				Base,
			);
			mainGroup = 94B9F5A11B20EFAF001943E4;
			productRefGroup = 94B9F5AB1B20EFAF001943E4 /* Products */;
			projectDirPath = "";
			projectRoot = "";
			targets = (
				94B9F5A91B20EFAF001943E4 /* CollegeBuddy */,
				94B9F5BE1B20EFAF001943E4 /* CollegeBuddyTests */,
				94B1496E1B698C030059BC60 /* MyApp */,
			);
		};
/* End PBXProject section */

/* Begin PBXResourcesBuildPhase section */
		94B1498E1B698C030059BC60 /* Resources */ = {
			isa = PBXResourcesBuildPhase;
			buildActionMask = 2147483647;
			files = (
				94B1498F1B698C030059BC60 /* left_side@2x.png in Resources */,
				94B149901B698C030059BC60 /* connectivity-bar.png in Resources */,
				94B149911B698C030059BC60 /* connectivity-bar@2x.png in Resources */,
				94B149921B698C030059BC60 /* Main.storyboard in Resources */,
				94B149931B698C030059BC60 /* LaunchScreen.xib in Resources */,
				94B149941B698C030059BC60 /* Images.xcassets in Resources */,
				94B149951B698C030059BC60 /* left_side.png in Resources */,
			);
			runOnlyForDeploymentPostprocessing = 0;
		};
		94B9F5A81B20EFAF001943E4 /* Resources */ = {
			isa = PBXResourcesBuildPhase;
			buildActionMask = 2147483647;
			files = (
				073408241C01967300AF2936 /* feed_bg2.png in Resources */,
				0734082C1C0197E600AF2936 /* events_btn.png in Resources */,
				0734082B1C0197E600AF2936 /* books_btn.png in Resources */,
				073408301C0197E600AF2936 /* settings_btn.png in Resources */,
				073408171C00FE4500AF2936 /* sidebar_divider.png in Resources */,
				073407F71C00A82600AF2936 /* college_buddy_0003_background_img.png in Resources */,
				94A665D81B2564D6002E6221 /* left_side@2x.png in Resources */,
				073408381C01BD6F00AF2936 /* events_nav_bg.png in Resources */,
				94A665D51B2564D6002E6221 /* connectivity-bar.png in Resources */,
				073408351C01AC6100AF2936 /* default-placeholder-300x300.png in Resources */,
				073408071C00AE9300AF2936 /* sign_up.png in Resources */,
				073408011C00AE9300AF2936 /* divider.png in Resources */,
				073408321C01994200AF2936 /* add_btn.png in Resources */,
				94A665D61B2564D6002E6221 /* connectivity-bar@2x.png in Resources */,
				0734083E1C01C1F600AF2936 /* tableview_bg.png in Resources */,
				0734083A1C01BD8400AF2936 /* events_title.png in Resources */,
				07514D731BFDE02C0043F55C /* Walkthrough.storyboard in Resources */,
				073408101C00D8D000AF2936 /* sidebar_bg.png in Resources */,
				073408051C00AE9300AF2936 /* no_account.png in Resources */,
				073408031C00AE9300AF2936 /* forgot.png in Resources */,
				0734080C1C00BD7500AF2936 /* launch_screen.png in Resources */,
				0734081B1C01046500AF2936 /* sidebar_select.png in Resources */,
				073408081C00AE9300AF2936 /* twitter_login.png in Resources */,
				073408041C00AE9300AF2936 /* Logo.png in Resources */,
				073408021C00AE9300AF2936 /* fb_login.png in Resources */,
				94B9F5B51B20EFAF001943E4 /* Main.storyboard in Resources */,
				0734080A1C00B22B00AF2936 /* Home_BG.png in Resources */,
				0734083C1C01BEC200AF2936 /* title2x.png in Resources */,
				94B9F5BA1B20EFAF001943E4 /* LaunchScreen.xib in Resources */,
				073408061C00AE9300AF2936 /* Sign_in.png in Resources */,
				94B9F5B71B20EFAF001943E4 /* Images.xcassets in Resources */,
				0734082D1C0197E600AF2936 /* food_btn.png in Resources */,
				0734082E1C0197E600AF2936 /* furniture_btn.png in Resources */,
				0734082F1C0197E600AF2936 /* Misc_btn.png in Resources */,
				94A665D71B2564D6002E6221 /* left_side.png in Resources */,
			);
			runOnlyForDeploymentPostprocessing = 0;
		};
		94B9F5BD1B20EFAF001943E4 /* Resources */ = {
			isa = PBXResourcesBuildPhase;
			buildActionMask = 2147483647;
			files = (
			);
			runOnlyForDeploymentPostprocessing = 0;
		};
/* End PBXResourcesBuildPhase section */

/* Begin PBXSourcesBuildPhase section */
		94B1496F1B698C030059BC60 /* Sources */ = {
			isa = PBXSourcesBuildPhase;
			buildActionMask = 2147483647;
			files = (
				94B149701B698C030059BC60 /* MainPageViewController.swift in Sources */,
				94B149711B698C030059BC60 /* MMDrawerBarButtonItem.m in Sources */,
				94B149721B698C030059BC60 /* MMDrawerController.m in Sources */,
				94B149731B698C030059BC60 /* SignUpViewController.swift in Sources */,
				94B149741B698C030059BC60 /* MMDrawerVisualState.m in Sources */,
				94B149751B698C030059BC60 /* MBProgressHUD.m in Sources */,
				94B149761B698C030059BC60 /* EditProfileViewController.swift in Sources */,
				94B149771B698C030059BC60 /* AboutViewController.swift in Sources */,
				94B149781B698C030059BC60 /* PasswordResetViewController.swift in Sources */,
				94B149791B698C030059BC60 /* UIViewController+MMDrawerController.m in Sources */,
				94B1497A1B698C030059BC60 /* ViewController.swift in Sources */,
				94B1497B1B698C030059BC60 /* LeftSideViewController.swift in Sources */,
				94B1497C1B698C030059BC60 /* RightSideViewController.swift in Sources */,
				94B1497D1B698C030059BC60 /* AppDelegate.swift in Sources */,
			);
			runOnlyForDeploymentPostprocessing = 0;
		};
		94B9F5A61B20EFAF001943E4 /* Sources */ = {
			isa = PBXSourcesBuildPhase;
			buildActionMask = 2147483647;
			files = (
				94B9F5F11B23B614001943E4 /* MainPageViewController.swift in Sources */,
				07320C011BFC019600A67C81 /* CategorySelection.swift in Sources */,
				94A665C61B254E6D002E6221 /* MMDrawerBarButtonItem.m in Sources */,
				94A665C71B254E6D002E6221 /* MMDrawerController.m in Sources */,
				07514D741BFDE02C0043F55C /* BWCustomPageViewController.swift in Sources */,
				94B9F5EF1B220FAC001943E4 /* SignUpViewController.swift in Sources */,
				07514D651BFDDF610043F55C /* BWWalkthroughViewController.swift in Sources */,
				94A665C81B254E6D002E6221 /* MMDrawerVisualState.m in Sources */,
				07A302CB1BD2B68F00811D84 /* CellDetailViewController.swift in Sources */,
				94A665BC1B24EBD2002E6221 /* MBProgressHUD.m in Sources */,
				07838B5C1BD1A2B100FC1849 /* EventsTableViewController.swift in Sources */,
				07514D641BFDDF610043F55C /* BWWalkthroughPageViewController.swift in Sources */,
				9499DDBB1B5313FF0041C261 /* EditProfileViewController.swift in Sources */,
				94A665D01B256223002E6221 /* AboutViewController.swift in Sources */,
				074021131BD163BE000C5F1E /* AddNewItemViewController.swift in Sources */,
				94A665DB1B287DC5002E6221 /* PasswordResetViewController.swift in Sources */,
				94A665C91B254E6D002E6221 /* UIViewController+MMDrawerController.m in Sources */,
				07BE96D81BD1E5240073A485 /* EventTableViewCell.swift in Sources */,
				94B9F5B21B20EFAF001943E4 /* ViewController.swift in Sources */,
				94A665CC1B255116002E6221 /* LeftSideViewController.swift in Sources */,
				94A665CE1B2556DC002E6221 /* RightSideViewController.swift in Sources */,
				94B9F5B01B20EFAF001943E4 /* AppDelegate.swift in Sources */,
			);
			runOnlyForDeploymentPostprocessing = 0;
		};
		94B9F5BB1B20EFAF001943E4 /* Sources */ = {
			isa = PBXSourcesBuildPhase;
			buildActionMask = 2147483647;
			files = (
				94B9F5C61B20EFAF001943E4 /* MyNewAppTests.swift in Sources */,
			);
			runOnlyForDeploymentPostprocessing = 0;
		};
/* End PBXSourcesBuildPhase section */

/* Begin PBXTargetDependency section */
		94B9F5C11B20EFAF001943E4 /* PBXTargetDependency */ = {
			isa = PBXTargetDependency;
			target = 94B9F5A91B20EFAF001943E4 /* CollegeBuddy */;
			targetProxy = 94B9F5C01B20EFAF001943E4 /* PBXContainerItemProxy */;
		};
/* End PBXTargetDependency section */

/* Begin PBXVariantGroup section */
		94B9F5B31B20EFAF001943E4 /* Main.storyboard */ = {
			isa = PBXVariantGroup;
			children = (
				94B9F5B41B20EFAF001943E4 /* Base */,
			);
			name = Main.storyboard;
			sourceTree = "<group>";
		};
		94B9F5B81B20EFAF001943E4 /* LaunchScreen.xib */ = {
			isa = PBXVariantGroup;
			children = (
				94B9F5B91B20EFAF001943E4 /* Base */,
			);
			name = LaunchScreen.xib;
			sourceTree = "<group>";
		};
/* End PBXVariantGroup section */

/* Begin XCBuildConfiguration section */
		94B149971B698C030059BC60 /* Debug */ = {
			isa = XCBuildConfiguration;
			buildSettings = {
				ASSETCATALOG_COMPILER_APPICON_NAME = AppIcon;
				ASSETCATALOG_COMPILER_LAUNCHIMAGE_NAME = LaunchImage;
				CLANG_ENABLE_MODULES = YES;
				CODE_SIGN_IDENTITY = "iPhone Developer: Geoff Cohen (5ES9DWUU2T)";
				"CODE_SIGN_IDENTITY[sdk=iphoneos*]" = "iPhone Developer: Geoff Cohen (5ES9DWUU2T)";
				FRAMEWORK_SEARCH_PATHS = (
					"$(inherited)",
					"$(PROJECT_DIR)",
				);
				INFOPLIST_FILE = "MyNewApp copy-Info.plist";
				LD_RUNPATH_SEARCH_PATHS = "$(inherited) @executable_path/Frameworks";
				PRODUCT_NAME = myapp;
				PROVISIONING_PROFILE = "ff6093fe-89c1-449f-92aa-734cd2cc7148";
				SWIFT_OBJC_BRIDGING_HEADER = "MyNewApp/MyNewApp-Bridging-Header.h";
				SWIFT_OPTIMIZATION_LEVEL = "-Onone";
			};
			name = Debug;
		};
		94B149981B698C030059BC60 /* Release */ = {
			isa = XCBuildConfiguration;
			buildSettings = {
				ASSETCATALOG_COMPILER_APPICON_NAME = AppIcon;
				ASSETCATALOG_COMPILER_LAUNCHIMAGE_NAME = LaunchImage;
				CLANG_ENABLE_MODULES = YES;
				CODE_SIGN_IDENTITY = "iPhone Distribution: Sysdisc Solutions Inc. (SU266H6698)";
				"CODE_SIGN_IDENTITY[sdk=iphoneos*]" = "iPhone Distribution: Sysdisc Solutions Inc. (SU266H6698)";
				FRAMEWORK_SEARCH_PATHS = (
					"$(inherited)",
					"$(PROJECT_DIR)",
				);
				INFOPLIST_FILE = "MyNewApp copy-Info.plist";
				LD_RUNPATH_SEARCH_PATHS = "$(inherited) @executable_path/Frameworks";
				PRODUCT_NAME = myapp;
				PROVISIONING_PROFILE = "a64735b3-4d6e-4368-9968-3e77c2a9dfd9";
				SWIFT_OBJC_BRIDGING_HEADER = "MyNewApp/MyNewApp-Bridging-Header.h";
			};
			name = Release;
		};
		94B1499B1B6995CE0059BC60 /* adHoc */ = {
			isa = XCBuildConfiguration;
			buildSettings = {
				ALWAYS_SEARCH_USER_PATHS = NO;
				CLANG_CXX_LANGUAGE_STANDARD = "gnu++0x";
				CLANG_CXX_LIBRARY = "libc++";
				CLANG_ENABLE_MODULES = YES;
				CLANG_ENABLE_OBJC_ARC = YES;
				CLANG_WARN_BOOL_CONVERSION = YES;
				CLANG_WARN_CONSTANT_CONVERSION = YES;
				CLANG_WARN_DIRECT_OBJC_ISA_USAGE = YES_ERROR;
				CLANG_WARN_EMPTY_BODY = YES;
				CLANG_WARN_ENUM_CONVERSION = YES;
				CLANG_WARN_INT_CONVERSION = YES;
				CLANG_WARN_OBJC_ROOT_CLASS = YES_ERROR;
				CLANG_WARN_UNREACHABLE_CODE = YES;
				CLANG_WARN__DUPLICATE_METHOD_MATCH = YES;
				CODE_SIGN_IDENTITY = "iPhone Distribution: Sysdisc Solutions Inc. (SU266H6698)";
				"CODE_SIGN_IDENTITY[sdk=iphoneos*]" = "iPhone Distribution: Sysdisc Solutions Inc. (SU266H6698)";
				COPY_PHASE_STRIP = NO;
				DEBUG_INFORMATION_FORMAT = "dwarf-with-dsym";
				ENABLE_BITCODE = NO;
				ENABLE_NS_ASSERTIONS = NO;
				ENABLE_STRICT_OBJC_MSGSEND = YES;
				GCC_C_LANGUAGE_STANDARD = gnu99;
				GCC_NO_COMMON_BLOCKS = YES;
				GCC_WARN_64_TO_32_BIT_CONVERSION = YES;
				GCC_WARN_ABOUT_RETURN_TYPE = YES_ERROR;
				GCC_WARN_UNDECLARED_SELECTOR = YES;
				GCC_WARN_UNINITIALIZED_AUTOS = YES_AGGRESSIVE;
				GCC_WARN_UNUSED_FUNCTION = YES;
				GCC_WARN_UNUSED_VARIABLE = YES;
				IPHONEOS_DEPLOYMENT_TARGET = 8.3;
				MTL_ENABLE_DEBUG_INFO = NO;
				PROVISIONING_PROFILE = "a64735b3-4d6e-4368-9968-3e77c2a9dfd9";
				SDKROOT = iphoneos;
				VALIDATE_PRODUCT = YES;
			};
			name = adHoc;
		};
		94B1499C1B6995CE0059BC60 /* adHoc */ = {
			isa = XCBuildConfiguration;
			buildSettings = {
				ASSETCATALOG_COMPILER_APPICON_NAME = AppIcon;
				ASSETCATALOG_COMPILER_LAUNCHIMAGE_NAME = LaunchImage;
				CLANG_ENABLE_MODULES = YES;
				CODE_SIGN_IDENTITY = "iPhone Developer";
				"CODE_SIGN_IDENTITY[sdk=iphoneos*]" = "iPhone Developer";
				ENABLE_BITCODE = NO;
				FRAMEWORK_SEARCH_PATHS = (
					"$(inherited)",
					"$(PROJECT_DIR)",
				);
				INFOPLIST_FILE = MyNewApp/Info.plist;
				LD_RUNPATH_SEARCH_PATHS = "$(inherited) @executable_path/Frameworks";
				PRODUCT_BUNDLE_IDENTIFIER = com.Nithin.CollegeBuddy;
				PRODUCT_NAME = CollegeBuddy;
				PROVISIONING_PROFILE = "";
				SWIFT_OBJC_BRIDGING_HEADER = "MyNewApp/MyNewApp-Bridging-Header.h";
			};
			name = adHoc;
		};
		94B1499D1B6995CE0059BC60 /* adHoc */ = {
			isa = XCBuildConfiguration;
			buildSettings = {
				BUNDLE_LOADER = "$(TEST_HOST)";
				FRAMEWORK_SEARCH_PATHS = (
					"$(SDKROOT)/Developer/Library/Frameworks",
					"$(inherited)",
				);
				INFOPLIST_FILE = MyNewAppTests/Info.plist;
				LD_RUNPATH_SEARCH_PATHS = "$(inherited) @executable_path/Frameworks @loader_path/Frameworks";
				PRODUCT_NAME = CollegeBuddy;
				TEST_HOST = "$(BUILT_PRODUCTS_DIR)/CollegeBuddy.app/CollegeBuddy";
			};
			name = adHoc;
		};
		94B1499E1B6995CE0059BC60 /* adHoc */ = {
			isa = XCBuildConfiguration;
			buildSettings = {
				ASSETCATALOG_COMPILER_APPICON_NAME = AppIcon;
				ASSETCATALOG_COMPILER_LAUNCHIMAGE_NAME = LaunchImage;
				CLANG_ENABLE_MODULES = YES;
				CODE_SIGN_IDENTITY = "iPhone Distribution: Sysdisc Solutions Inc. (SU266H6698)";
				"CODE_SIGN_IDENTITY[sdk=iphoneos*]" = "iPhone Distribution: Sysdisc Solutions Inc. (SU266H6698)";
				FRAMEWORK_SEARCH_PATHS = (
					"$(inherited)",
					"$(PROJECT_DIR)",
				);
				INFOPLIST_FILE = "MyNewApp copy-Info.plist";
				LD_RUNPATH_SEARCH_PATHS = "$(inherited) @executable_path/Frameworks";
				PRODUCT_NAME = myapp;
				PROVISIONING_PROFILE = "a64735b3-4d6e-4368-9968-3e77c2a9dfd9";
				SWIFT_OBJC_BRIDGING_HEADER = "MyNewApp/MyNewApp-Bridging-Header.h";
			};
			name = adHoc;
		};
		94B9F5C71B20EFAF001943E4 /* Debug */ = {
			isa = XCBuildConfiguration;
			buildSettings = {
				ALWAYS_SEARCH_USER_PATHS = NO;
				CLANG_CXX_LANGUAGE_STANDARD = "gnu++0x";
				CLANG_CXX_LIBRARY = "libc++";
				CLANG_ENABLE_MODULES = YES;
				CLANG_ENABLE_OBJC_ARC = YES;
				CLANG_WARN_BOOL_CONVERSION = YES;
				CLANG_WARN_CONSTANT_CONVERSION = YES;
				CLANG_WARN_DIRECT_OBJC_ISA_USAGE = YES_ERROR;
				CLANG_WARN_EMPTY_BODY = YES;
				CLANG_WARN_ENUM_CONVERSION = YES;
				CLANG_WARN_INT_CONVERSION = YES;
				CLANG_WARN_OBJC_ROOT_CLASS = YES_ERROR;
				CLANG_WARN_UNREACHABLE_CODE = YES;
				CLANG_WARN__DUPLICATE_METHOD_MATCH = YES;
				CODE_SIGN_IDENTITY = "iPhone Developer: Geoff Cohen (5ES9DWUU2T)";
				"CODE_SIGN_IDENTITY[sdk=iphoneos*]" = "iPhone Developer: Geoff Cohen (5ES9DWUU2T)";
				COPY_PHASE_STRIP = NO;
				DEBUG_INFORMATION_FORMAT = "dwarf-with-dsym";
				ENABLE_BITCODE = NO;
				ENABLE_STRICT_OBJC_MSGSEND = YES;
				ENABLE_TESTABILITY = YES;
				GCC_C_LANGUAGE_STANDARD = gnu99;
				GCC_DYNAMIC_NO_PIC = NO;
				GCC_NO_COMMON_BLOCKS = YES;
				GCC_OPTIMIZATION_LEVEL = 0;
				GCC_PREPROCESSOR_DEFINITIONS = (
					"DEBUG=1",
					"$(inherited)",
				);
				GCC_SYMBOLS_PRIVATE_EXTERN = NO;
				GCC_WARN_64_TO_32_BIT_CONVERSION = YES;
				GCC_WARN_ABOUT_RETURN_TYPE = YES_ERROR;
				GCC_WARN_UNDECLARED_SELECTOR = YES;
				GCC_WARN_UNINITIALIZED_AUTOS = YES_AGGRESSIVE;
				GCC_WARN_UNUSED_FUNCTION = YES;
				GCC_WARN_UNUSED_VARIABLE = YES;
				IPHONEOS_DEPLOYMENT_TARGET = 8.3;
				MTL_ENABLE_DEBUG_INFO = YES;
				ONLY_ACTIVE_ARCH = YES;
				PROVISIONING_PROFILE = "ff6093fe-89c1-449f-92aa-734cd2cc7148";
				SDKROOT = iphoneos;
				SWIFT_OPTIMIZATION_LEVEL = "-Onone";
			};
			name = Debug;
		};
		94B9F5C81B20EFAF001943E4 /* Release */ = {
			isa = XCBuildConfiguration;
			buildSettings = {
				ALWAYS_SEARCH_USER_PATHS = NO;
				CLANG_CXX_LANGUAGE_STANDARD = "gnu++0x";
				CLANG_CXX_LIBRARY = "libc++";
				CLANG_ENABLE_MODULES = YES;
				CLANG_ENABLE_OBJC_ARC = YES;
				CLANG_WARN_BOOL_CONVERSION = YES;
				CLANG_WARN_CONSTANT_CONVERSION = YES;
				CLANG_WARN_DIRECT_OBJC_ISA_USAGE = YES_ERROR;
				CLANG_WARN_EMPTY_BODY = YES;
				CLANG_WARN_ENUM_CONVERSION = YES;
				CLANG_WARN_INT_CONVERSION = YES;
				CLANG_WARN_OBJC_ROOT_CLASS = YES_ERROR;
				CLANG_WARN_UNREACHABLE_CODE = YES;
				CLANG_WARN__DUPLICATE_METHOD_MATCH = YES;
				CODE_SIGN_IDENTITY = "iPhone Developer: Geoff Cohen (5ES9DWUU2T)";
				"CODE_SIGN_IDENTITY[sdk=iphoneos*]" = "iPhone Developer: Geoff Cohen (5ES9DWUU2T)";
				COPY_PHASE_STRIP = NO;
				DEBUG_INFORMATION_FORMAT = "dwarf-with-dsym";
				ENABLE_BITCODE = NO;
				ENABLE_NS_ASSERTIONS = NO;
				ENABLE_STRICT_OBJC_MSGSEND = YES;
				GCC_C_LANGUAGE_STANDARD = gnu99;
				GCC_NO_COMMON_BLOCKS = YES;
				GCC_WARN_64_TO_32_BIT_CONVERSION = YES;
				GCC_WARN_ABOUT_RETURN_TYPE = YES_ERROR;
				GCC_WARN_UNDECLARED_SELECTOR = YES;
				GCC_WARN_UNINITIALIZED_AUTOS = YES_AGGRESSIVE;
				GCC_WARN_UNUSED_FUNCTION = YES;
				GCC_WARN_UNUSED_VARIABLE = YES;
				IPHONEOS_DEPLOYMENT_TARGET = 8.3;
				MTL_ENABLE_DEBUG_INFO = NO;
				PROVISIONING_PROFILE = "a64735b3-4d6e-4368-9968-3e77c2a9dfd9";
				SDKROOT = iphoneos;
				VALIDATE_PRODUCT = YES;
			};
			name = Release;
		};
		94B9F5CA1B20EFAF001943E4 /* Debug */ = {
			isa = XCBuildConfiguration;
			buildSettings = {
				ASSETCATALOG_COMPILER_APPICON_NAME = AppIcon;
				ASSETCATALOG_COMPILER_LAUNCHIMAGE_NAME = LaunchImage;
				CLANG_ENABLE_MODULES = YES;
				CODE_SIGN_IDENTITY = "iPhone Developer";
				"CODE_SIGN_IDENTITY[sdk=iphoneos*]" = "iPhone Developer";
				ENABLE_BITCODE = NO;
				FRAMEWORK_SEARCH_PATHS = (
					"$(inherited)",
					"$(PROJECT_DIR)",
				);
				INFOPLIST_FILE = MyNewApp/Info.plist;
				LD_RUNPATH_SEARCH_PATHS = "$(inherited) @executable_path/Frameworks";
				PRODUCT_BUNDLE_IDENTIFIER = com.Nithin.CollegeBuddy;
				PRODUCT_NAME = CollegeBuddy;
				PROVISIONING_PROFILE = "";
				SWIFT_OBJC_BRIDGING_HEADER = "MyNewApp/MyNewApp-Bridging-Header.h";
				SWIFT_OPTIMIZATION_LEVEL = "-Onone";
			};
			name = Debug;
		};
		94B9F5CB1B20EFAF001943E4 /* Release */ = {
			isa = XCBuildConfiguration;
			buildSettings = {
				ASSETCATALOG_COMPILER_APPICON_NAME = AppIcon;
				ASSETCATALOG_COMPILER_LAUNCHIMAGE_NAME = LaunchImage;
				CLANG_ENABLE_MODULES = YES;
				CODE_SIGN_IDENTITY = "iPhone Developer";
				"CODE_SIGN_IDENTITY[sdk=iphoneos*]" = "iPhone Developer";
				ENABLE_BITCODE = NO;
				FRAMEWORK_SEARCH_PATHS = (
					"$(inherited)",
					"$(PROJECT_DIR)",
				);
				INFOPLIST_FILE = MyNewApp/Info.plist;
				LD_RUNPATH_SEARCH_PATHS = "$(inherited) @executable_path/Frameworks";
				PRODUCT_BUNDLE_IDENTIFIER = com.Nithin.CollegeBuddy;
				PRODUCT_NAME = CollegeBuddy;
				PROVISIONING_PROFILE = "";
				SWIFT_OBJC_BRIDGING_HEADER = "MyNewApp/MyNewApp-Bridging-Header.h";
			};
			name = Release;
		};
		94B9F5CD1B20EFAF001943E4 /* Debug */ = {
			isa = XCBuildConfiguration;
			buildSettings = {
				BUNDLE_LOADER = "$(TEST_HOST)";
				FRAMEWORK_SEARCH_PATHS = (
					"$(SDKROOT)/Developer/Library/Frameworks",
					"$(inherited)",
				);
				GCC_PREPROCESSOR_DEFINITIONS = (
					"DEBUG=1",
					"$(inherited)",
				);
				INFOPLIST_FILE = MyNewAppTests/Info.plist;
				LD_RUNPATH_SEARCH_PATHS = "$(inherited) @executable_path/Frameworks @loader_path/Frameworks";
				PRODUCT_NAME = CollegeBuddy;
				TEST_HOST = "$(BUILT_PRODUCTS_DIR)/CollegeBuddy.app/CollegeBuddy";
			};
			name = Debug;
		};
		94B9F5CE1B20EFAF001943E4 /* Release */ = {
			isa = XCBuildConfiguration;
			buildSettings = {
				BUNDLE_LOADER = "$(TEST_HOST)";
				FRAMEWORK_SEARCH_PATHS = (
					"$(SDKROOT)/Developer/Library/Frameworks",
					"$(inherited)",
				);
				INFOPLIST_FILE = MyNewAppTests/Info.plist;
				LD_RUNPATH_SEARCH_PATHS = "$(inherited) @executable_path/Frameworks @loader_path/Frameworks";
				PRODUCT_NAME = CollegeBuddy;
				TEST_HOST = "$(BUILT_PRODUCTS_DIR)/CollegeBuddy.app/CollegeBuddy";
			};
			name = Release;
		};
/* End XCBuildConfiguration section */

/* Begin XCConfigurationList section */
		94B149961B698C030059BC60 /* Build configuration list for PBXNativeTarget "MyApp" */ = {
			isa = XCConfigurationList;
			buildConfigurations = (
				94B149971B698C030059BC60 /* Debug */,
				94B149981B698C030059BC60 /* Release */,
				94B1499E1B6995CE0059BC60 /* adHoc */,
			);
			defaultConfigurationIsVisible = 0;
			defaultConfigurationName = Release;
		};
		94B9F5A51B20EFAF001943E4 /* Build configuration list for PBXProject "CollegeBuddy" */ = {
			isa = XCConfigurationList;
			buildConfigurations = (
				94B9F5C71B20EFAF001943E4 /* Debug */,
				94B9F5C81B20EFAF001943E4 /* Release */,
				94B1499B1B6995CE0059BC60 /* adHoc */,
			);
			defaultConfigurationIsVisible = 0;
			defaultConfigurationName = Release;
		};
		94B9F5C91B20EFAF001943E4 /* Build configuration list for PBXNativeTarget "CollegeBuddy" */ = {
			isa = XCConfigurationList;
			buildConfigurations = (
				94B9F5CA1B20EFAF001943E4 /* Debug */,
				94B9F5CB1B20EFAF001943E4 /* Release */,
				94B1499C1B6995CE0059BC60 /* adHoc */,
			);
			defaultConfigurationIsVisible = 0;
			defaultConfigurationName = Release;
		};
		94B9F5CC1B20EFAF001943E4 /* Build configuration list for PBXNativeTarget "CollegeBuddyTests" */ = {
			isa = XCConfigurationList;
			buildConfigurations = (
				94B9F5CD1B20EFAF001943E4 /* Debug */,
				94B9F5CE1B20EFAF001943E4 /* Release */,
				94B1499D1B6995CE0059BC60 /* adHoc */,
			);
			defaultConfigurationIsVisible = 0;
			defaultConfigurationName = Release;
		};
/* End XCConfigurationList section */
	};
	rootObject = 94B9F5A21B20EFAF001943E4 /* Project object */;
}
